Microsoft Visual Studio Solution File, Format Version 12.00
# Visual Studio Version 17
VisualStudioVersion = 17.5.2.0
MinimumVisualStudioVersion = 10.0.40219.1
Project("{FAE04EC0-301F-11D3-BF4B-00C04F79EFBC}") = "OSDeregistrationAPI", "OSDeregistrationAPI.csproj", "{B458D8E1-21FE-D161-E1A8-2B4FC9B24F1A}"
EndProject
Global
	GlobalSection(SolutionConfigurationPlatforms) = preSolution
		Debug|Any CPU = Debug|Any CPU
		Release|Any CPU = Release|Any CPU
	EndGlobalSection
	GlobalSection(ProjectConfigurationPlatforms) = postSolution
		{B458D8E1-21FE-D161-E1A8-2B4FC9B24F1A}.Debug|Any CPU.ActiveCfg = Debug|Any CPU
		{B458D8E1-21FE-D161-E1A8-2B4FC9B24F1A}.Debug|Any CPU.Build.0 = Debug|Any CPU
		{B458D8E1-21FE-D161-E1A8-2B4FC9B24F1A}.Release|Any CPU.ActiveCfg = Release|Any CPU
		{B458D8E1-21FE-D161-E1A8-2B4FC9B24F1A}.Release|Any CPU.Build.0 = Release|Any CPU
	EndGlobalSection
	GlobalSection(SolutionProperties) = preSolution
		HideSolutionNode = FALSE
	EndGlobalSection
	GlobalSection(ExtensibilityGlobals) = postSolution
		SolutionGuid = {03E47DE1-DD78-442D-8187-E25E265FE0D6}
	EndGlobalSection
EndGlobal
